
Microsoft Visual Studio Solution File, Format Version 12.00
# Visual Studio Version 17
VisualStudioVersion = 17.2.32630.192
MinimumVisualStudioVersion = 10.0.40219.1
Project("{FAE04EC0-301F-11D3-BF4B-00C04F79EFBC}") = "RSA Sign App", "RSA Sign App\RSA Sign App.csproj", "{12D9DCE9-4A91-4BC6-A055-EBEF79E1C8A4}"
EndProject
Global
	GlobalSection(SolutionConfigurationPlatforms) = preSolution
		Debug|Any CPU = Debug|Any CPU
		Release|Any CPU = Release|Any CPU
	EndGlobalSection
	GlobalSection(ProjectConfigurationPlatforms) = postSolution
		{12D9DCE9-4A91-4BC6-A055-EBEF79E1C8A4}.Debug|Any CPU.ActiveCfg = Debug|Any CPU
		{12D9DCE9-4A91-4BC6-A055-EBEF79E1C8A4}.Debug|Any CPU.Build.0 = Debug|Any CPU
		{12D9DCE9-4A91-4BC6-A055-EBEF79E1C8A4}.Release|Any CPU.ActiveCfg = Release|Any CPU
		{12D9DCE9-4A91-4BC6-A055-EBEF79E1C8A4}.Release|Any CPU.Build.0 = Release|Any CPU
	EndGlobalSection
	GlobalSection(SolutionProperties) = preSolution
		HideSolutionNode = FALSE
	EndGlobalSection
	GlobalSection(ExtensibilityGlobals) = postSolution
		SolutionGuid = {851945D2-E0B6-4AB6-BBB3-C80010513F78}
	EndGlobalSection
EndGlobal
